
Microsoft Visual Studio Solution File, Format Version 12.00
# Visual Studio Version 16
VisualStudioVersion = 16.0.29123.88
MinimumVisualStudioVersion = 10.0.40219.1
Project("{6EC3EE1D-3C4E-46DD-8F32-0CC8E7565705}") = "FableTailwind", "FableTailwind.fsproj", "{E842D90F-BD83-4DB4-BC96-459B3D772A03}"
EndProject
Project("{2150E333-8FDC-42A3-9474-1A3956D46DE8}") = "Solution Items", "Solution Items", "{3E6CCADF-250E-4646-84F3-3BEE70E243D4}"
	ProjectSection(SolutionItems) = preProject
		package.json = package.json
		postcss.config.js = postcss.config.js
		README.md = README.md
		tailwind-process.js = tailwind-process.js
		tailwind.config.js = tailwind.config.js
		webpack.config.js = webpack.config.js
	EndProjectSection
EndProject
Global
	GlobalSection(SolutionConfigurationPlatforms) = preSolution
		Debug|Any CPU = Debug|Any CPU
		Release|Any CPU = Release|Any CPU
	EndGlobalSection
	GlobalSection(ProjectConfigurationPlatforms) = postSolution
		{E842D90F-BD83-4DB4-BC96-459B3D772A03}.Debug|Any CPU.ActiveCfg = Debug|Any CPU
		{E842D90F-BD83-4DB4-BC96-459B3D772A03}.Debug|Any CPU.Build.0 = Debug|Any CPU
		{E842D90F-BD83-4DB4-BC96-459B3D772A03}.Release|Any CPU.ActiveCfg = Release|Any CPU
		{E842D90F-BD83-4DB4-BC96-459B3D772A03}.Release|Any CPU.Build.0 = Release|Any CPU
	EndGlobalSection
	GlobalSection(SolutionProperties) = preSolution
		HideSolutionNode = FALSE
	EndGlobalSection
	GlobalSection(ExtensibilityGlobals) = postSolution
		SolutionGuid = {1E39F012-820E-49EF-B8DC-5DDBF51C7178}
	EndGlobalSection
EndGlobal
