
Microsoft Visual Studio Solution File, Format Version 12.00
# Visual Studio Version 16
VisualStudioVersion = 16.0.29102.190
MinimumVisualStudioVersion = 10.0.40219.1
Project("{6EC3EE1D-3C4E-46DD-8F32-0CC8E7565705}") = "TypedCssClasses", "TypedCssClasses.fsproj", "{AA9D7239-6607-4388-AEB9-3236174560EE}"
EndProject
Project("{2150E333-8FDC-42A3-9474-1A3956D46DE8}") = "Solution Items", "Solution Items", "{CF019DE1-D98F-40B5-A1D4-FC4BE9AC74B6}"
	ProjectSection(SolutionItems) = preProject
		..\.editorconfig = ..\.editorconfig
		..\.gitattributes = ..\.gitattributes
		..\.gitignore = ..\.gitignore
		..\CHANGELOG.md = ..\CHANGELOG.md
		..\invoke.build.ps1 = ..\invoke.build.ps1
		..\README.md = ..\README.md
	EndProjectSection
EndProject
Project("{2150E333-8FDC-42A3-9474-1A3956D46DE8}") = "doc", "doc", "{149E8767-E720-444B-BC61-C64C8510D37A}"
	ProjectSection(SolutionItems) = preProject
		..\doc\configuration.md = ..\doc\configuration.md
	EndProjectSection
EndProject
Global
	GlobalSection(SolutionConfigurationPlatforms) = preSolution
		Debug|Any CPU = Debug|Any CPU
		Release|Any CPU = Release|Any CPU
		ReleaseTest|Any CPU = ReleaseTest|Any CPU
	EndGlobalSection
	GlobalSection(ProjectConfigurationPlatforms) = postSolution
		{AA9D7239-6607-4388-AEB9-3236174560EE}.Debug|Any CPU.ActiveCfg = Debug|Any CPU
		{AA9D7239-6607-4388-AEB9-3236174560EE}.Debug|Any CPU.Build.0 = Debug|Any CPU
		{AA9D7239-6607-4388-AEB9-3236174560EE}.Release|Any CPU.ActiveCfg = Release|Any CPU
		{AA9D7239-6607-4388-AEB9-3236174560EE}.Release|Any CPU.Build.0 = Release|Any CPU
		{AA9D7239-6607-4388-AEB9-3236174560EE}.ReleaseTest|Any CPU.ActiveCfg = ReleaseTest|Any CPU
		{AA9D7239-6607-4388-AEB9-3236174560EE}.ReleaseTest|Any CPU.Build.0 = ReleaseTest|Any CPU
	EndGlobalSection
	GlobalSection(SolutionProperties) = preSolution
		HideSolutionNode = FALSE
	EndGlobalSection
	GlobalSection(NestedProjects) = preSolution
		{149E8767-E720-444B-BC61-C64C8510D37A} = {CF019DE1-D98F-40B5-A1D4-FC4BE9AC74B6}
	EndGlobalSection
	GlobalSection(ExtensibilityGlobals) = postSolution
		SolutionGuid = {5CDB4F14-36E1-489C-B4F3-E9E8B8E027F4}
	EndGlobalSection
EndGlobal
